
Microsoft Visual Studio Solution File, Format Version 12.00
# Visual Studio Version 16
VisualStudioVersion = 16.0.31313.79
MinimumVisualStudioVersion = 10.0.40219.1
Project("{FAE04EC0-301F-11D3-BF4B-00C04F79EFBC}") = "SRP", "SRP\SRP.csproj", "{C45C96D8-A8C1-4AD1-A0AC-13B9A741EA70}"
EndProject
Global
	GlobalSection(SolutionConfigurationPlatforms) = preSolution
		Debug|Any CPU = Debug|Any CPU
		Release|Any CPU = Release|Any CPU
	EndGlobalSection
	GlobalSection(ProjectConfigurationPlatforms) = postSolution
		{C45C96D8-A8C1-4AD1-A0AC-13B9A741EA70}.Debug|Any CPU.ActiveCfg = Debug|Any CPU
		{C45C96D8-A8C1-4AD1-A0AC-13B9A741EA70}.Debug|Any CPU.Build.0 = Debug|Any CPU
		{C45C96D8-A8C1-4AD1-A0AC-13B9A741EA70}.Release|Any CPU.ActiveCfg = Release|Any CPU
		{C45C96D8-A8C1-4AD1-A0AC-13B9A741EA70}.Release|Any CPU.Build.0 = Release|Any CPU
	EndGlobalSection
	GlobalSection(SolutionProperties) = preSolution
		HideSolutionNode = FALSE
	EndGlobalSection
	GlobalSection(ExtensibilityGlobals) = postSolution
		SolutionGuid = {3CC2700D-E9E2-460D-903A-4C7255EF37F0}
	EndGlobalSection
EndGlobal
